
Microsoft Visual Studio Solution File, Format Version 12.00
# Visual Studio Version 17
VisualStudioVersion = 17.4.33110.190
MinimumVisualStudioVersion = 10.0.40219.1
Project("{FAE04EC0-301F-11D3-BF4B-00C04F79EFBC}") = "WithOutUsing_DIP", "WithOutUsing_DIP\WithOutUsing_DIP.csproj", "{5814D961-C348-4E7A-B5A3-D71B16B4B652}"
EndProject
Global
	GlobalSection(SolutionConfigurationPlatforms) = preSolution
		Debug|Any CPU = Debug|Any CPU
		Release|Any CPU = Release|Any CPU
	EndGlobalSection
	GlobalSection(ProjectConfigurationPlatforms) = postSolution
		{5814D961-C348-4E7A-B5A3-D71B16B4B652}.Debug|Any CPU.ActiveCfg = Debug|Any CPU
		{5814D961-C348-4E7A-B5A3-D71B16B4B652}.Debug|Any CPU.Build.0 = Debug|Any CPU
		{5814D961-C348-4E7A-B5A3-D71B16B4B652}.Release|Any CPU.ActiveCfg = Release|Any CPU
		{5814D961-C348-4E7A-B5A3-D71B16B4B652}.Release|Any CPU.Build.0 = Release|Any CPU
	EndGlobalSection
	GlobalSection(SolutionProperties) = preSolution
		HideSolutionNode = FALSE
	EndGlobalSection
	GlobalSection(ExtensibilityGlobals) = postSolution
		SolutionGuid = {94372E00-E26E-40D2-B974-28C466208713}
	EndGlobalSection
EndGlobal
