
Microsoft Visual Studio Solution File, Format Version 12.00
# Visual Studio Version 17
VisualStudioVersion = 17.4.33110.190
MinimumVisualStudioVersion = 10.0.40219.1
Project("{FAE04EC0-301F-11D3-BF4B-00C04F79EFBC}") = "Hackerrank_Test2", "Hackerrank_Test2\Hackerrank_Test2.csproj", "{7177C658-F4E2-4EF4-B66F-7830EFEB4900}"
EndProject
Global
	GlobalSection(SolutionConfigurationPlatforms) = preSolution
		Debug|Any CPU = Debug|Any CPU
		Release|Any CPU = Release|Any CPU
	EndGlobalSection
	GlobalSection(ProjectConfigurationPlatforms) = postSolution
		{7177C658-F4E2-4EF4-B66F-7830EFEB4900}.Debug|Any CPU.ActiveCfg = Debug|Any CPU
		{7177C658-F4E2-4EF4-B66F-7830EFEB4900}.Debug|Any CPU.Build.0 = Debug|Any CPU
		{7177C658-F4E2-4EF4-B66F-7830EFEB4900}.Release|Any CPU.ActiveCfg = Release|Any CPU
		{7177C658-F4E2-4EF4-B66F-7830EFEB4900}.Release|Any CPU.Build.0 = Release|Any CPU
	EndGlobalSection
	GlobalSection(SolutionProperties) = preSolution
		HideSolutionNode = FALSE
	EndGlobalSection
	GlobalSection(ExtensibilityGlobals) = postSolution
		SolutionGuid = {F935C4C3-725E-4245-BEDC-1524F6B25C18}
	EndGlobalSection
EndGlobal
