
Microsoft Visual Studio Solution File, Format Version 12.00
# Visual Studio Version 17
VisualStudioVersion = 17.4.33110.190
MinimumVisualStudioVersion = 10.0.40219.1
Project("{FAE04EC0-301F-11D3-BF4B-00C04F79EFBC}") = "One_To_Many_ForeignKey_using", "One_To_Many_ForeignKey_using\One_To_Many_ForeignKey_using.csproj", "{2598326C-E3B0-441F-8C0F-56C674F73ED7}"
EndProject
Global
	GlobalSection(SolutionConfigurationPlatforms) = preSolution
		Debug|Any CPU = Debug|Any CPU
		Release|Any CPU = Release|Any CPU
	EndGlobalSection
	GlobalSection(ProjectConfigurationPlatforms) = postSolution
		{2598326C-E3B0-441F-8C0F-56C674F73ED7}.Debug|Any CPU.ActiveCfg = Debug|Any CPU
		{2598326C-E3B0-441F-8C0F-56C674F73ED7}.Debug|Any CPU.Build.0 = Debug|Any CPU
		{2598326C-E3B0-441F-8C0F-56C674F73ED7}.Release|Any CPU.ActiveCfg = Release|Any CPU
		{2598326C-E3B0-441F-8C0F-56C674F73ED7}.Release|Any CPU.Build.0 = Release|Any CPU
	EndGlobalSection
	GlobalSection(SolutionProperties) = preSolution
		HideSolutionNode = FALSE
	EndGlobalSection
	GlobalSection(ExtensibilityGlobals) = postSolution
		SolutionGuid = {3136E65C-9E06-458C-A255-DAC0614739AE}
	EndGlobalSection
EndGlobal
