
Microsoft Visual Studio Solution File, Format Version 12.00
# Visual Studio Version 17
VisualStudioVersion = 17.3.32819.101
MinimumVisualStudioVersion = 10.0.40219.1
Project("{FAE04EC0-301F-11D3-BF4B-00C04F79EFBC}") = "AccessModifier_example", "AccessModifier_example\AccessModifier_example.csproj", "{2850E6D6-1393-4A97-A2F3-66C6D32A65EF}"
EndProject
Global
	GlobalSection(SolutionConfigurationPlatforms) = preSolution
		Debug|Any CPU = Debug|Any CPU
		Release|Any CPU = Release|Any CPU
	EndGlobalSection
	GlobalSection(ProjectConfigurationPlatforms) = postSolution
		{2850E6D6-1393-4A97-A2F3-66C6D32A65EF}.Debug|Any CPU.ActiveCfg = Debug|Any CPU
		{2850E6D6-1393-4A97-A2F3-66C6D32A65EF}.Debug|Any CPU.Build.0 = Debug|Any CPU
		{2850E6D6-1393-4A97-A2F3-66C6D32A65EF}.Release|Any CPU.ActiveCfg = Release|Any CPU
		{2850E6D6-1393-4A97-A2F3-66C6D32A65EF}.Release|Any CPU.Build.0 = Release|Any CPU
	EndGlobalSection
	GlobalSection(SolutionProperties) = preSolution
		HideSolutionNode = FALSE
	EndGlobalSection
	GlobalSection(ExtensibilityGlobals) = postSolution
		SolutionGuid = {074220CF-E756-465F-A33D-12B12F7BFF5C}
	EndGlobalSection
EndGlobal
