
Microsoft Visual Studio Solution File, Format Version 12.00
# Visual Studio Version 17
VisualStudioVersion = 17.3.32819.101
MinimumVisualStudioVersion = 10.0.40219.1
Project("{FAE04EC0-301F-11D3-BF4B-00C04F79EFBC}") = "ConsoleApp3", "ConsoleApp3\ConsoleApp3.csproj", "{3DC14E28-4947-4427-AC03-95DF8BD0789C}"
EndProject
Global
	GlobalSection(SolutionConfigurationPlatforms) = preSolution
		Debug|Any CPU = Debug|Any CPU
		Release|Any CPU = Release|Any CPU
	EndGlobalSection
	GlobalSection(ProjectConfigurationPlatforms) = postSolution
		{3DC14E28-4947-4427-AC03-95DF8BD0789C}.Debug|Any CPU.ActiveCfg = Debug|Any CPU
		{3DC14E28-4947-4427-AC03-95DF8BD0789C}.Debug|Any CPU.Build.0 = Debug|Any CPU
		{3DC14E28-4947-4427-AC03-95DF8BD0789C}.Release|Any CPU.ActiveCfg = Release|Any CPU
		{3DC14E28-4947-4427-AC03-95DF8BD0789C}.Release|Any CPU.Build.0 = Release|Any CPU
	EndGlobalSection
	GlobalSection(SolutionProperties) = preSolution
		HideSolutionNode = FALSE
	EndGlobalSection
	GlobalSection(ExtensibilityGlobals) = postSolution
		SolutionGuid = {15373C02-9432-4800-81A3-AAF3674E5F62}
	EndGlobalSection
EndGlobal
