
Microsoft Visual Studio Solution File, Format Version 12.00
# Visual Studio Version 17
VisualStudioVersion = 17.4.33110.190
MinimumVisualStudioVersion = 10.0.40219.1
Project("{FAE04EC0-301F-11D3-BF4B-00C04F79EFBC}") = "GenerateJwtToken_In_WebApi", "GenerateJwtToken_In_WebApi\GenerateJwtToken_In_WebApi.csproj", "{0D3F3682-218D-43E0-8923-2E1DDF090408}"
EndProject
Global
	GlobalSection(SolutionConfigurationPlatforms) = preSolution
		Debug|Any CPU = Debug|Any CPU
		Release|Any CPU = Release|Any CPU
	EndGlobalSection
	GlobalSection(ProjectConfigurationPlatforms) = postSolution
		{0D3F3682-218D-43E0-8923-2E1DDF090408}.Debug|Any CPU.ActiveCfg = Debug|Any CPU
		{0D3F3682-218D-43E0-8923-2E1DDF090408}.Debug|Any CPU.Build.0 = Debug|Any CPU
		{0D3F3682-218D-43E0-8923-2E1DDF090408}.Release|Any CPU.ActiveCfg = Release|Any CPU
		{0D3F3682-218D-43E0-8923-2E1DDF090408}.Release|Any CPU.Build.0 = Release|Any CPU
	EndGlobalSection
	GlobalSection(SolutionProperties) = preSolution
		HideSolutionNode = FALSE
	EndGlobalSection
	GlobalSection(ExtensibilityGlobals) = postSolution
		SolutionGuid = {9CA22DE4-DE32-4515-B423-03DF3321CAF9}
	EndGlobalSection
EndGlobal
