
Microsoft Visual Studio Solution File, Format Version 12.00
# Visual Studio Version 17
VisualStudioVersion = 17.4.33110.190
MinimumVisualStudioVersion = 10.0.40219.1
Project("{FAE04EC0-301F-11D3-BF4B-00C04F79EFBC}") = "Test4_ Bhavani_Employee7", "Test4_ Bhavani_Employee7\Test4_ Bhavani_Employee7.csproj", "{9AA6FEEB-3245-47B4-A30C-B877E0691DAC}"
EndProject
Global
	GlobalSection(SolutionConfigurationPlatforms) = preSolution
		Debug|Any CPU = Debug|Any CPU
		Release|Any CPU = Release|Any CPU
	EndGlobalSection
	GlobalSection(ProjectConfigurationPlatforms) = postSolution
		{9AA6FEEB-3245-47B4-A30C-B877E0691DAC}.Debug|Any CPU.ActiveCfg = Debug|Any CPU
		{9AA6FEEB-3245-47B4-A30C-B877E0691DAC}.Debug|Any CPU.Build.0 = Debug|Any CPU
		{9AA6FEEB-3245-47B4-A30C-B877E0691DAC}.Release|Any CPU.ActiveCfg = Release|Any CPU
		{9AA6FEEB-3245-47B4-A30C-B877E0691DAC}.Release|Any CPU.Build.0 = Release|Any CPU
	EndGlobalSection
	GlobalSection(SolutionProperties) = preSolution
		HideSolutionNode = FALSE
	EndGlobalSection
	GlobalSection(ExtensibilityGlobals) = postSolution
		SolutionGuid = {286FE902-3A22-4A33-8875-E0ECD2A624A4}
	EndGlobalSection
EndGlobal
