
Microsoft Visual Studio Solution File, Format Version 12.00
# Visual Studio Version 17
VisualStudioVersion = 17.3.32819.101
MinimumVisualStudioVersion = 10.0.40219.1
Project("{FAE04EC0-301F-11D3-BF4B-00C04F79EFBC}") = "ArrayList", "ArrayList\ArrayList.csproj", "{29D3DE4E-3C46-434C-A1CA-ACEE31E0E0EF}"
EndProject
Global
	GlobalSection(SolutionConfigurationPlatforms) = preSolution
		Debug|Any CPU = Debug|Any CPU
		Release|Any CPU = Release|Any CPU
	EndGlobalSection
	GlobalSection(ProjectConfigurationPlatforms) = postSolution
		{29D3DE4E-3C46-434C-A1CA-ACEE31E0E0EF}.Debug|Any CPU.ActiveCfg = Debug|Any CPU
		{29D3DE4E-3C46-434C-A1CA-ACEE31E0E0EF}.Debug|Any CPU.Build.0 = Debug|Any CPU
		{29D3DE4E-3C46-434C-A1CA-ACEE31E0E0EF}.Release|Any CPU.ActiveCfg = Release|Any CPU
		{29D3DE4E-3C46-434C-A1CA-ACEE31E0E0EF}.Release|Any CPU.Build.0 = Release|Any CPU
	EndGlobalSection
	GlobalSection(SolutionProperties) = preSolution
		HideSolutionNode = FALSE
	EndGlobalSection
	GlobalSection(ExtensibilityGlobals) = postSolution
		SolutionGuid = {66F9BBE8-15DF-4B28-ABD1-5DB6E38927B4}
	EndGlobalSection
EndGlobal
