
Microsoft Visual Studio Solution File, Format Version 12.00
# Visual Studio Version 17
VisualStudioVersion = 17.3.32819.101
MinimumVisualStudioVersion = 10.0.40219.1
Project("{FAE04EC0-301F-11D3-BF4B-00C04F79EFBC}") = "Test2_Bhavani_UsingTwoInterfaces", "Test2_Bhavani_UsingTwoInterfaces\Test2_Bhavani_UsingTwoInterfaces.csproj", "{2A90F417-16E0-4096-9A62-5DB5EC8991CA}"
EndProject
Global
	GlobalSection(SolutionConfigurationPlatforms) = preSolution
		Debug|Any CPU = Debug|Any CPU
		Release|Any CPU = Release|Any CPU
	EndGlobalSection
	GlobalSection(ProjectConfigurationPlatforms) = postSolution
		{2A90F417-16E0-4096-9A62-5DB5EC8991CA}.Debug|Any CPU.ActiveCfg = Debug|Any CPU
		{2A90F417-16E0-4096-9A62-5DB5EC8991CA}.Debug|Any CPU.Build.0 = Debug|Any CPU
		{2A90F417-16E0-4096-9A62-5DB5EC8991CA}.Release|Any CPU.ActiveCfg = Release|Any CPU
		{2A90F417-16E0-4096-9A62-5DB5EC8991CA}.Release|Any CPU.Build.0 = Release|Any CPU
	EndGlobalSection
	GlobalSection(SolutionProperties) = preSolution
		HideSolutionNode = FALSE
	EndGlobalSection
	GlobalSection(ExtensibilityGlobals) = postSolution
		SolutionGuid = {79780A96-2FAE-4AAE-9B52-DCEF59D5A263}
	EndGlobalSection
EndGlobal
