
Microsoft Visual Studio Solution File, Format Version 12.00
# Visual Studio Version 17
VisualStudioVersion = 17.3.32819.101
MinimumVisualStudioVersion = 10.0.40219.1
Project("{FAE04EC0-301F-11D3-BF4B-00C04F79EFBC}") = "Test1_Bhavani_PrimeOrNot", "Test1_Bhavani_PrimeOrNot\Test1_Bhavani_PrimeOrNot.csproj", "{492A713D-080F-44D6-BDEB-C7C6F0F2E28F}"
EndProject
Global
	GlobalSection(SolutionConfigurationPlatforms) = preSolution
		Debug|Any CPU = Debug|Any CPU
		Release|Any CPU = Release|Any CPU
	EndGlobalSection
	GlobalSection(ProjectConfigurationPlatforms) = postSolution
		{492A713D-080F-44D6-BDEB-C7C6F0F2E28F}.Debug|Any CPU.ActiveCfg = Debug|Any CPU
		{492A713D-080F-44D6-BDEB-C7C6F0F2E28F}.Debug|Any CPU.Build.0 = Debug|Any CPU
		{492A713D-080F-44D6-BDEB-C7C6F0F2E28F}.Release|Any CPU.ActiveCfg = Release|Any CPU
		{492A713D-080F-44D6-BDEB-C7C6F0F2E28F}.Release|Any CPU.Build.0 = Release|Any CPU
	EndGlobalSection
	GlobalSection(SolutionProperties) = preSolution
		HideSolutionNode = FALSE
	EndGlobalSection
	GlobalSection(ExtensibilityGlobals) = postSolution
		SolutionGuid = {C8754B17-AF31-4F10-A996-FAA6F7DDA136}
	EndGlobalSection
EndGlobal
