
Microsoft Visual Studio Solution File, Format Version 12.00
# Visual Studio Version 17
VisualStudioVersion = 17.3.32819.101
MinimumVisualStudioVersion = 10.0.40219.1
Project("{FAE04EC0-301F-11D3-BF4B-00C04F79EFBC}") = "Test1_Bhavani_MultilevelInheritance", "Test1_Bhavani_MultilevelInheritance\Test1_Bhavani_MultilevelInheritance.csproj", "{7AF25FF2-67B6-4025-81C0-7E9A9111780A}"
EndProject
Global
	GlobalSection(SolutionConfigurationPlatforms) = preSolution
		Debug|Any CPU = Debug|Any CPU
		Release|Any CPU = Release|Any CPU
	EndGlobalSection
	GlobalSection(ProjectConfigurationPlatforms) = postSolution
		{7AF25FF2-67B6-4025-81C0-7E9A9111780A}.Debug|Any CPU.ActiveCfg = Debug|Any CPU
		{7AF25FF2-67B6-4025-81C0-7E9A9111780A}.Debug|Any CPU.Build.0 = Debug|Any CPU
		{7AF25FF2-67B6-4025-81C0-7E9A9111780A}.Release|Any CPU.ActiveCfg = Release|Any CPU
		{7AF25FF2-67B6-4025-81C0-7E9A9111780A}.Release|Any CPU.Build.0 = Release|Any CPU
	EndGlobalSection
	GlobalSection(SolutionProperties) = preSolution
		HideSolutionNode = FALSE
	EndGlobalSection
	GlobalSection(ExtensibilityGlobals) = postSolution
		SolutionGuid = {4BB42B54-D08E-4FF0-9F45-D7E7AE723686}
	EndGlobalSection
EndGlobal
