
Microsoft Visual Studio Solution File, Format Version 12.00
# Visual Studio Version 17
VisualStudioVersion = 17.3.32819.101
MinimumVisualStudioVersion = 10.0.40219.1
Project("{FAE04EC0-301F-11D3-BF4B-00C04F79EFBC}") = "Test2_Bhavani_UsingMethodOverloading", "Test2_Bhavani_UsingMethodOverloading\Test2_Bhavani_UsingMethodOverloading.csproj", "{9A332B3D-3693-4D54-98D1-555099D0F399}"
EndProject
Global
	GlobalSection(SolutionConfigurationPlatforms) = preSolution
		Debug|Any CPU = Debug|Any CPU
		Release|Any CPU = Release|Any CPU
	EndGlobalSection
	GlobalSection(ProjectConfigurationPlatforms) = postSolution
		{9A332B3D-3693-4D54-98D1-555099D0F399}.Debug|Any CPU.ActiveCfg = Debug|Any CPU
		{9A332B3D-3693-4D54-98D1-555099D0F399}.Debug|Any CPU.Build.0 = Debug|Any CPU
		{9A332B3D-3693-4D54-98D1-555099D0F399}.Release|Any CPU.ActiveCfg = Release|Any CPU
		{9A332B3D-3693-4D54-98D1-555099D0F399}.Release|Any CPU.Build.0 = Release|Any CPU
	EndGlobalSection
	GlobalSection(SolutionProperties) = preSolution
		HideSolutionNode = FALSE
	EndGlobalSection
	GlobalSection(ExtensibilityGlobals) = postSolution
		SolutionGuid = {E0C782BE-B839-4A79-9E91-9997C0EFB5E9}
	EndGlobalSection
EndGlobal
