
Microsoft Visual Studio Solution File, Format Version 12.00
# Visual Studio Version 17
VisualStudioVersion = 17.3.32819.101
MinimumVisualStudioVersion = 10.0.40219.1
Project("{FAE04EC0-301F-11D3-BF4B-00C04F79EFBC}") = "Test2_Bhavani_UsingInterface", "Test2_Bhavani_UsingInterface\Test2_Bhavani_UsingInterface.csproj", "{353CECF8-3649-4977-8A60-0C309F942135}"
EndProject
Global
	GlobalSection(SolutionConfigurationPlatforms) = preSolution
		Debug|Any CPU = Debug|Any CPU
		Release|Any CPU = Release|Any CPU
	EndGlobalSection
	GlobalSection(ProjectConfigurationPlatforms) = postSolution
		{353CECF8-3649-4977-8A60-0C309F942135}.Debug|Any CPU.ActiveCfg = Debug|Any CPU
		{353CECF8-3649-4977-8A60-0C309F942135}.Debug|Any CPU.Build.0 = Debug|Any CPU
		{353CECF8-3649-4977-8A60-0C309F942135}.Release|Any CPU.ActiveCfg = Release|Any CPU
		{353CECF8-3649-4977-8A60-0C309F942135}.Release|Any CPU.Build.0 = Release|Any CPU
	EndGlobalSection
	GlobalSection(SolutionProperties) = preSolution
		HideSolutionNode = FALSE
	EndGlobalSection
	GlobalSection(ExtensibilityGlobals) = postSolution
		SolutionGuid = {FAA5F171-2B63-4F16-99B0-9EA4DBF82754}
	EndGlobalSection
EndGlobal
