
Microsoft Visual Studio Solution File, Format Version 12.00
# Visual Studio Version 17
VisualStudioVersion = 17.3.32819.101
MinimumVisualStudioVersion = 10.0.40219.1
Project("{FAE04EC0-301F-11D3-BF4B-00C04F79EFBC}") = "Test2_Bhavani_UsingAbstractAndInterface", "Test2_Bhavani_UsingAbstractAndInterface\Test2_Bhavani_UsingAbstractAndInterface.csproj", "{3300600F-E675-47FE-9443-7A43CE862C21}"
EndProject
Global
	GlobalSection(SolutionConfigurationPlatforms) = preSolution
		Debug|Any CPU = Debug|Any CPU
		Release|Any CPU = Release|Any CPU
	EndGlobalSection
	GlobalSection(ProjectConfigurationPlatforms) = postSolution
		{3300600F-E675-47FE-9443-7A43CE862C21}.Debug|Any CPU.ActiveCfg = Debug|Any CPU
		{3300600F-E675-47FE-9443-7A43CE862C21}.Debug|Any CPU.Build.0 = Debug|Any CPU
		{3300600F-E675-47FE-9443-7A43CE862C21}.Release|Any CPU.ActiveCfg = Release|Any CPU
		{3300600F-E675-47FE-9443-7A43CE862C21}.Release|Any CPU.Build.0 = Release|Any CPU
	EndGlobalSection
	GlobalSection(SolutionProperties) = preSolution
		HideSolutionNode = FALSE
	EndGlobalSection
	GlobalSection(ExtensibilityGlobals) = postSolution
		SolutionGuid = {78CC7C44-D528-4D11-88F8-51B196E66B69}
	EndGlobalSection
EndGlobal
