
Microsoft Visual Studio Solution File, Format Version 12.00
# Visual Studio Version 17
VisualStudioVersion = 17.3.32819.101
MinimumVisualStudioVersion = 10.0.40219.1
Project("{FAE04EC0-301F-11D3-BF4B-00C04F79EFBC}") = "ShowEmployeeDetails", "ShowEmployeeDetails\ShowEmployeeDetails.csproj", "{6BEB14D4-2853-444E-AF21-9C63968073D9}"
EndProject
Global
	GlobalSection(SolutionConfigurationPlatforms) = preSolution
		Debug|Any CPU = Debug|Any CPU
		Release|Any CPU = Release|Any CPU
	EndGlobalSection
	GlobalSection(ProjectConfigurationPlatforms) = postSolution
		{6BEB14D4-2853-444E-AF21-9C63968073D9}.Debug|Any CPU.ActiveCfg = Debug|Any CPU
		{6BEB14D4-2853-444E-AF21-9C63968073D9}.Debug|Any CPU.Build.0 = Debug|Any CPU
		{6BEB14D4-2853-444E-AF21-9C63968073D9}.Release|Any CPU.ActiveCfg = Release|Any CPU
		{6BEB14D4-2853-444E-AF21-9C63968073D9}.Release|Any CPU.Build.0 = Release|Any CPU
	EndGlobalSection
	GlobalSection(SolutionProperties) = preSolution
		HideSolutionNode = FALSE
	EndGlobalSection
	GlobalSection(ExtensibilityGlobals) = postSolution
		SolutionGuid = {7B7F6F12-A872-4ADC-8282-1BC128C86185}
	EndGlobalSection
EndGlobal
